
Microsoft Visual Studio Solution File, Format Version 12.00
# Visual Studio Version 16
VisualStudioVersion = 16.0.29709.97
MinimumVisualStudioVersion = 15.0.26124.0
Project("{2150E333-8FDC-42A3-9474-1A3956D46DE8}") = "src", "src", "{D8C4A6E2-EA7D-4F25-891B-F10D82A3C907}"
EndProject
Project("{2150E333-8FDC-42A3-9474-1A3956D46DE8}") = "Web Apps", "Web Apps", "{AA28A952-F458-4025-948F-58A283DA1BC7}"
EndProject
Project("{FAE04EC0-301F-11D3-BF4B-00C04F79EFBC}") = "WebMVC", "src\Web\WebMVC\WebMVC.csproj", "{1A26D21C-2594-4842-8A06-6EE0FD3F8096}"
EndProject
Project("{E53339B2-1760-4266-BCC7-CA923CBCF16C}") = "docker-compose", "docker-compose.dcproj", "{793B29AB-E3C8-4E8F-909D-B4909196C39D}"
EndProject
Global
	GlobalSection(SolutionConfigurationPlatforms) = preSolution
		Debug|Any CPU = Debug|Any CPU
		Debug|x64 = Debug|x64
		Debug|x86 = Debug|x86
		Release|Any CPU = Release|Any CPU
		Release|x64 = Release|x64
		Release|x86 = Release|x86
	EndGlobalSection
	GlobalSection(ProjectConfigurationPlatforms) = postSolution
		{1A26D21C-2594-4842-8A06-6EE0FD3F8096}.Debug|Any CPU.ActiveCfg = Debug|Any CPU
		{1A26D21C-2594-4842-8A06-6EE0FD3F8096}.Debug|Any CPU.Build.0 = Debug|Any CPU
		{1A26D21C-2594-4842-8A06-6EE0FD3F8096}.Debug|x64.ActiveCfg = Debug|Any CPU
		{1A26D21C-2594-4842-8A06-6EE0FD3F8096}.Debug|x64.Build.0 = Debug|Any CPU
		{1A26D21C-2594-4842-8A06-6EE0FD3F8096}.Debug|x86.ActiveCfg = Debug|Any CPU
		{1A26D21C-2594-4842-8A06-6EE0FD3F8096}.Debug|x86.Build.0 = Debug|Any CPU
		{1A26D21C-2594-4842-8A06-6EE0FD3F8096}.Release|Any CPU.ActiveCfg = Release|Any CPU
		{1A26D21C-2594-4842-8A06-6EE0FD3F8096}.Release|Any CPU.Build.0 = Release|Any CPU
		{1A26D21C-2594-4842-8A06-6EE0FD3F8096}.Release|x64.ActiveCfg = Release|Any CPU
		{1A26D21C-2594-4842-8A06-6EE0FD3F8096}.Release|x64.Build.0 = Release|Any CPU
		{1A26D21C-2594-4842-8A06-6EE0FD3F8096}.Release|x86.ActiveCfg = Release|Any CPU
		{1A26D21C-2594-4842-8A06-6EE0FD3F8096}.Release|x86.Build.0 = Release|Any CPU
		{793B29AB-E3C8-4E8F-909D-B4909196C39D}.Debug|Any CPU.ActiveCfg = Debug|Any CPU
		{793B29AB-E3C8-4E8F-909D-B4909196C39D}.Debug|Any CPU.Build.0 = Debug|Any CPU
		{793B29AB-E3C8-4E8F-909D-B4909196C39D}.Debug|x64.ActiveCfg = Debug|Any CPU
		{793B29AB-E3C8-4E8F-909D-B4909196C39D}.Debug|x64.Build.0 = Debug|Any CPU
		{793B29AB-E3C8-4E8F-909D-B4909196C39D}.Debug|x86.ActiveCfg = Debug|Any CPU
		{793B29AB-E3C8-4E8F-909D-B4909196C39D}.Debug|x86.Build.0 = Debug|Any CPU
		{793B29AB-E3C8-4E8F-909D-B4909196C39D}.Release|Any CPU.ActiveCfg = Release|Any CPU
		{793B29AB-E3C8-4E8F-909D-B4909196C39D}.Release|Any CPU.Build.0 = Release|Any CPU
		{793B29AB-E3C8-4E8F-909D-B4909196C39D}.Release|x64.ActiveCfg = Release|Any CPU
		{793B29AB-E3C8-4E8F-909D-B4909196C39D}.Release|x64.Build.0 = Release|Any CPU
		{793B29AB-E3C8-4E8F-909D-B4909196C39D}.Release|x86.ActiveCfg = Release|Any CPU
		{793B29AB-E3C8-4E8F-909D-B4909196C39D}.Release|x86.Build.0 = Release|Any CPU
	EndGlobalSection
	GlobalSection(SolutionProperties) = preSolution
		HideSolutionNode = FALSE
	EndGlobalSection
	GlobalSection(NestedProjects) = preSolution
		{AA28A952-F458-4025-948F-58A283DA1BC7} = {D8C4A6E2-EA7D-4F25-891B-F10D82A3C907}
		{1A26D21C-2594-4842-8A06-6EE0FD3F8096} = {AA28A952-F458-4025-948F-58A283DA1BC7}
	EndGlobalSection
	GlobalSection(ExtensibilityGlobals) = postSolution
		SolutionGuid = {54EFB6A3-2A1B-4277-9D29-49ED9E528CFC}
	EndGlobalSection
EndGlobal
