
Microsoft Visual Studio Solution File, Format Version 12.00
# Visual Studio Version 16
VisualStudioVersion = 16.0.29709.97
MinimumVisualStudioVersion = 15.0.26124.0
Project("{2150E333-8FDC-42A3-9474-1A3956D46DE8}") = "src", "src", "{D8C4A6E2-EA7D-4F25-891B-F10D82A3C907}"
EndProject
Project("{2150E333-8FDC-42A3-9474-1A3956D46DE8}") = "Web Apps", "Web Apps", "{AA28A952-F458-4025-948F-58A283DA1BC7}"
EndProject
Project("{9A19103F-16F7-4668-BE54-9A1E7A4F7556}") = "WebMVC", "Web\WebMVC\WebMVC.csproj", "{1A26D21C-2594-4842-8A06-6EE0FD3F8096}"
EndProject
Project("{9A19103F-16F7-4668-BE54-9A1E7A4F7556}") = "WebUI", "Web\WebUI\WebUI.csproj", "{F79BEA52-21BD-4F25-A8CE-7C1582EAA39F}"
EndProject
Project("{E53339B2-1760-4266-BCC7-CA923CBCF16C}") = "docker-compose", "docker-compose.dcproj", "{58F73D15-F995-44F1-84E4-F31FDBCD2B75}"
EndProject
Project("{2150E333-8FDC-42A3-9474-1A3956D46DE8}") = "Services", "Services", "{8B88A6AC-BA11-48F7-9807-33D64A3E23A4}"
EndProject
Project("{2150E333-8FDC-42A3-9474-1A3956D46DE8}") = "Catalog", "Catalog", "{DB650FF2-7EBC-4484-A290-3248FF6B6F12}"
EndProject
Project("{FAE04EC0-301F-11D3-BF4B-00C04F79EFBC}") = "Catalog.API", "Services\Catalog\Catalog.API\Catalog.API.csproj", "{F1CFACF9-7C26-4EBF-A1E8-96AC65C10519}"
EndProject
Global
	GlobalSection(SolutionConfigurationPlatforms) = preSolution
		Debug|Any CPU = Debug|Any CPU
		Debug|x64 = Debug|x64
		Debug|x86 = Debug|x86
		Release|Any CPU = Release|Any CPU
		Release|x64 = Release|x64
		Release|x86 = Release|x86
	EndGlobalSection
	GlobalSection(ProjectConfigurationPlatforms) = postSolution
		{1A26D21C-2594-4842-8A06-6EE0FD3F8096}.Debug|Any CPU.ActiveCfg = Debug|Any CPU
		{1A26D21C-2594-4842-8A06-6EE0FD3F8096}.Debug|Any CPU.Build.0 = Debug|Any CPU
		{1A26D21C-2594-4842-8A06-6EE0FD3F8096}.Debug|x64.ActiveCfg = Debug|Any CPU
		{1A26D21C-2594-4842-8A06-6EE0FD3F8096}.Debug|x64.Build.0 = Debug|Any CPU
		{1A26D21C-2594-4842-8A06-6EE0FD3F8096}.Debug|x86.ActiveCfg = Debug|Any CPU
		{1A26D21C-2594-4842-8A06-6EE0FD3F8096}.Debug|x86.Build.0 = Debug|Any CPU
		{1A26D21C-2594-4842-8A06-6EE0FD3F8096}.Release|Any CPU.ActiveCfg = Release|Any CPU
		{1A26D21C-2594-4842-8A06-6EE0FD3F8096}.Release|Any CPU.Build.0 = Release|Any CPU
		{1A26D21C-2594-4842-8A06-6EE0FD3F8096}.Release|x64.ActiveCfg = Release|Any CPU
		{1A26D21C-2594-4842-8A06-6EE0FD3F8096}.Release|x64.Build.0 = Release|Any CPU
		{1A26D21C-2594-4842-8A06-6EE0FD3F8096}.Release|x86.ActiveCfg = Release|Any CPU
		{1A26D21C-2594-4842-8A06-6EE0FD3F8096}.Release|x86.Build.0 = Release|Any CPU
		{F79BEA52-21BD-4F25-A8CE-7C1582EAA39F}.Debug|Any CPU.ActiveCfg = Debug|Any CPU
		{F79BEA52-21BD-4F25-A8CE-7C1582EAA39F}.Debug|Any CPU.Build.0 = Debug|Any CPU
		{F79BEA52-21BD-4F25-A8CE-7C1582EAA39F}.Debug|x64.ActiveCfg = Debug|Any CPU
		{F79BEA52-21BD-4F25-A8CE-7C1582EAA39F}.Debug|x64.Build.0 = Debug|Any CPU
		{F79BEA52-21BD-4F25-A8CE-7C1582EAA39F}.Debug|x86.ActiveCfg = Debug|Any CPU
		{F79BEA52-21BD-4F25-A8CE-7C1582EAA39F}.Debug|x86.Build.0 = Debug|Any CPU
		{F79BEA52-21BD-4F25-A8CE-7C1582EAA39F}.Release|Any CPU.ActiveCfg = Release|Any CPU
		{F79BEA52-21BD-4F25-A8CE-7C1582EAA39F}.Release|Any CPU.Build.0 = Release|Any CPU
		{F79BEA52-21BD-4F25-A8CE-7C1582EAA39F}.Release|x64.ActiveCfg = Release|Any CPU
		{F79BEA52-21BD-4F25-A8CE-7C1582EAA39F}.Release|x64.Build.0 = Release|Any CPU
		{F79BEA52-21BD-4F25-A8CE-7C1582EAA39F}.Release|x86.ActiveCfg = Release|Any CPU
		{F79BEA52-21BD-4F25-A8CE-7C1582EAA39F}.Release|x86.Build.0 = Release|Any CPU
		{58F73D15-F995-44F1-84E4-F31FDBCD2B75}.Debug|Any CPU.ActiveCfg = Debug|Any CPU
		{58F73D15-F995-44F1-84E4-F31FDBCD2B75}.Debug|Any CPU.Build.0 = Debug|Any CPU
		{58F73D15-F995-44F1-84E4-F31FDBCD2B75}.Debug|x64.ActiveCfg = Debug|Any CPU
		{58F73D15-F995-44F1-84E4-F31FDBCD2B75}.Debug|x64.Build.0 = Debug|Any CPU
		{58F73D15-F995-44F1-84E4-F31FDBCD2B75}.Debug|x86.ActiveCfg = Debug|Any CPU
		{58F73D15-F995-44F1-84E4-F31FDBCD2B75}.Debug|x86.Build.0 = Debug|Any CPU
		{58F73D15-F995-44F1-84E4-F31FDBCD2B75}.Release|Any CPU.ActiveCfg = Release|Any CPU
		{58F73D15-F995-44F1-84E4-F31FDBCD2B75}.Release|Any CPU.Build.0 = Release|Any CPU
		{58F73D15-F995-44F1-84E4-F31FDBCD2B75}.Release|x64.ActiveCfg = Release|Any CPU
		{58F73D15-F995-44F1-84E4-F31FDBCD2B75}.Release|x64.Build.0 = Release|Any CPU
		{58F73D15-F995-44F1-84E4-F31FDBCD2B75}.Release|x86.ActiveCfg = Release|Any CPU
		{58F73D15-F995-44F1-84E4-F31FDBCD2B75}.Release|x86.Build.0 = Release|Any CPU
		{F1CFACF9-7C26-4EBF-A1E8-96AC65C10519}.Debug|Any CPU.ActiveCfg = Debug|Any CPU
		{F1CFACF9-7C26-4EBF-A1E8-96AC65C10519}.Debug|Any CPU.Build.0 = Debug|Any CPU
		{F1CFACF9-7C26-4EBF-A1E8-96AC65C10519}.Debug|x64.ActiveCfg = Debug|Any CPU
		{F1CFACF9-7C26-4EBF-A1E8-96AC65C10519}.Debug|x64.Build.0 = Debug|Any CPU
		{F1CFACF9-7C26-4EBF-A1E8-96AC65C10519}.Debug|x86.ActiveCfg = Debug|Any CPU
		{F1CFACF9-7C26-4EBF-A1E8-96AC65C10519}.Debug|x86.Build.0 = Debug|Any CPU
		{F1CFACF9-7C26-4EBF-A1E8-96AC65C10519}.Release|Any CPU.ActiveCfg = Release|Any CPU
		{F1CFACF9-7C26-4EBF-A1E8-96AC65C10519}.Release|Any CPU.Build.0 = Release|Any CPU
		{F1CFACF9-7C26-4EBF-A1E8-96AC65C10519}.Release|x64.ActiveCfg = Release|Any CPU
		{F1CFACF9-7C26-4EBF-A1E8-96AC65C10519}.Release|x64.Build.0 = Release|Any CPU
		{F1CFACF9-7C26-4EBF-A1E8-96AC65C10519}.Release|x86.ActiveCfg = Release|Any CPU
		{F1CFACF9-7C26-4EBF-A1E8-96AC65C10519}.Release|x86.Build.0 = Release|Any CPU
	EndGlobalSection
	GlobalSection(SolutionProperties) = preSolution
		HideSolutionNode = FALSE
	EndGlobalSection
	GlobalSection(NestedProjects) = preSolution
		{AA28A952-F458-4025-948F-58A283DA1BC7} = {D8C4A6E2-EA7D-4F25-891B-F10D82A3C907}
		{1A26D21C-2594-4842-8A06-6EE0FD3F8096} = {AA28A952-F458-4025-948F-58A283DA1BC7}
		{F79BEA52-21BD-4F25-A8CE-7C1582EAA39F} = {AA28A952-F458-4025-948F-58A283DA1BC7}
		{DB650FF2-7EBC-4484-A290-3248FF6B6F12} = {8B88A6AC-BA11-48F7-9807-33D64A3E23A4}
		{F1CFACF9-7C26-4EBF-A1E8-96AC65C10519} = {DB650FF2-7EBC-4484-A290-3248FF6B6F12}
	EndGlobalSection
	GlobalSection(ExtensibilityGlobals) = postSolution
		SolutionGuid = {54EFB6A3-2A1B-4277-9D29-49ED9E528CFC}
	EndGlobalSection
EndGlobal
